
Microsoft Visual Studio Solution File, Format Version 12.00
# Visual Studio Version 16
VisualStudioVersion = 16.0.30523.141
MinimumVisualStudioVersion = 10.0.40219.1
Project("{FAE04EC0-301F-11D3-BF4B-00C04F79EFBC}") = "Aplikace3", "aplikace3\Aplikace3.csproj", "{48192481-3A9C-477C-A72B-378455ECCB6A}"
EndProject
Global
	GlobalSection(SolutionConfigurationPlatforms) = preSolution
		Debug|Any CPU = Debug|Any CPU
		Release|Any CPU = Release|Any CPU
	EndGlobalSection
	GlobalSection(ProjectConfigurationPlatforms) = postSolution
		{48192481-3A9C-477C-A72B-378455ECCB6A}.Debug|Any CPU.ActiveCfg = Debug|Any CPU
		{48192481-3A9C-477C-A72B-378455ECCB6A}.Debug|Any CPU.Build.0 = Debug|Any CPU
		{48192481-3A9C-477C-A72B-378455ECCB6A}.Release|Any CPU.ActiveCfg = Release|Any CPU
		{48192481-3A9C-477C-A72B-378455ECCB6A}.Release|Any CPU.Build.0 = Release|Any CPU
	EndGlobalSection
	GlobalSection(SolutionProperties) = preSolution
		HideSolutionNode = FALSE
	EndGlobalSection
	GlobalSection(ExtensibilityGlobals) = postSolution
		SolutionGuid = {F8E7B3AF-C65B-4476-B257-29E3AE0D02C1}
	EndGlobalSection
EndGlobal
